
Microsoft Visual Studio Solution File, Format Version 12.00
# Visual Studio Version 17
VisualStudioVersion = 17.7.34024.191
MinimumVisualStudioVersion = 10.0.40219.1
Project("{FAE04EC0-301F-11D3-BF4B-00C04F79EFBC}") = "Calculator.UI", "Calculator.UI\Calculator.UI.csproj", "{3D8927E7-4F16-4705-96B4-7AB9ECEDEFEF}"
EndProject
Project("{FAE04EC0-301F-11D3-BF4B-00C04F79EFBC}") = "Calculator.BLL", "Calculator.BLL\Calculator.BLL.csproj", "{DFB1ECCA-50CA-4558-AD41-A48DB87FC91E}"
EndProject
Project("{FAE04EC0-301F-11D3-BF4B-00C04F79EFBC}") = "Calculator.DAL", "Calculator.DAL\Calculator.DAL.csproj", "{C2C95295-8C71-4998-836F-10A8036ACFB1}"
EndProject
Global
	GlobalSection(SolutionConfigurationPlatforms) = preSolution
		Debug|Any CPU = Debug|Any CPU
		Release|Any CPU = Release|Any CPU
	EndGlobalSection
	GlobalSection(ProjectConfigurationPlatforms) = postSolution
		{3D8927E7-4F16-4705-96B4-7AB9ECEDEFEF}.Debug|Any CPU.ActiveCfg = Debug|Any CPU
		{3D8927E7-4F16-4705-96B4-7AB9ECEDEFEF}.Debug|Any CPU.Build.0 = Debug|Any CPU
		{3D8927E7-4F16-4705-96B4-7AB9ECEDEFEF}.Release|Any CPU.ActiveCfg = Release|Any CPU
		{3D8927E7-4F16-4705-96B4-7AB9ECEDEFEF}.Release|Any CPU.Build.0 = Release|Any CPU
		{DFB1ECCA-50CA-4558-AD41-A48DB87FC91E}.Debug|Any CPU.ActiveCfg = Debug|Any CPU
		{DFB1ECCA-50CA-4558-AD41-A48DB87FC91E}.Debug|Any CPU.Build.0 = Debug|Any CPU
		{DFB1ECCA-50CA-4558-AD41-A48DB87FC91E}.Release|Any CPU.ActiveCfg = Release|Any CPU
		{DFB1ECCA-50CA-4558-AD41-A48DB87FC91E}.Release|Any CPU.Build.0 = Release|Any CPU
		{C2C95295-8C71-4998-836F-10A8036ACFB1}.Debug|Any CPU.ActiveCfg = Debug|Any CPU
		{C2C95295-8C71-4998-836F-10A8036ACFB1}.Debug|Any CPU.Build.0 = Debug|Any CPU
		{C2C95295-8C71-4998-836F-10A8036ACFB1}.Release|Any CPU.ActiveCfg = Release|Any CPU
		{C2C95295-8C71-4998-836F-10A8036ACFB1}.Release|Any CPU.Build.0 = Release|Any CPU
	EndGlobalSection
	GlobalSection(SolutionProperties) = preSolution
		HideSolutionNode = FALSE
	EndGlobalSection
	GlobalSection(ExtensibilityGlobals) = postSolution
		SolutionGuid = {AAFFAFE3-828B-44ED-960D-23AED671D31D}
	EndGlobalSection
EndGlobal
